
Microsoft Visual Studio Solution File, Format Version 12.00
# Visual Studio Version 16
VisualStudioVersion = 16.0.32413.511
MinimumVisualStudioVersion = 10.0.40219.1
Project("{FAE04EC0-301F-11D3-BF4B-00C04F79EFBC}") = "uQlust_dist_Mac", "uQlust_dist_Mac.csproj", "{5E715E0D-03C7-4478-AF44-78B48C63735B}"
EndProject
Project("{FAE04EC0-301F-11D3-BF4B-00C04F79EFBC}") = "Core", "Core\Core.csproj", "{B8C8D7FB-7DD8-4E65-8A49-D9FC846E7997}"
EndProject
Project("{FAE04EC0-301F-11D3-BF4B-00C04F79EFBC}") = "uQlust_Mac_Term", "uQlust_Mac_Term\uQlust_Mac_Term.csproj", "{9930C348-7141-48AE-9812-3F0CC76AFFE1}"
EndProject
Global
	GlobalSection(SolutionConfigurationPlatforms) = preSolution
		Debug|Any CPU = Debug|Any CPU
		Release|Any CPU = Release|Any CPU
	EndGlobalSection
	GlobalSection(ProjectConfigurationPlatforms) = postSolution
		{5E715E0D-03C7-4478-AF44-78B48C63735B}.Debug|Any CPU.ActiveCfg = Debug|Any CPU
		{5E715E0D-03C7-4478-AF44-78B48C63735B}.Debug|Any CPU.Build.0 = Debug|Any CPU
		{5E715E0D-03C7-4478-AF44-78B48C63735B}.Release|Any CPU.ActiveCfg = Release|Any CPU
		{5E715E0D-03C7-4478-AF44-78B48C63735B}.Release|Any CPU.Build.0 = Release|Any CPU
		{B8C8D7FB-7DD8-4E65-8A49-D9FC846E7997}.Debug|Any CPU.ActiveCfg = Debug|Any CPU
		{B8C8D7FB-7DD8-4E65-8A49-D9FC846E7997}.Debug|Any CPU.Build.0 = Debug|Any CPU
		{B8C8D7FB-7DD8-4E65-8A49-D9FC846E7997}.Release|Any CPU.ActiveCfg = Release|Any CPU
		{B8C8D7FB-7DD8-4E65-8A49-D9FC846E7997}.Release|Any CPU.Build.0 = Release|Any CPU
		{9930C348-7141-48AE-9812-3F0CC76AFFE1}.Debug|Any CPU.ActiveCfg = Debug|Any CPU
		{9930C348-7141-48AE-9812-3F0CC76AFFE1}.Debug|Any CPU.Build.0 = Debug|Any CPU
		{9930C348-7141-48AE-9812-3F0CC76AFFE1}.Release|Any CPU.ActiveCfg = Release|Any CPU
		{9930C348-7141-48AE-9812-3F0CC76AFFE1}.Release|Any CPU.Build.0 = Release|Any CPU
	EndGlobalSection
	GlobalSection(SolutionProperties) = preSolution
		HideSolutionNode = FALSE
	EndGlobalSection
	GlobalSection(ExtensibilityGlobals) = postSolution
		SolutionGuid = {C307146A-4C40-4735-BA3D-9CF8FA1903CA}
	EndGlobalSection
EndGlobal
